// !$*UTF8*$!
{
	archiveVersion = 1;
	classes = {
	};
	objectVersion = 46;
	objects = {

/* Begin PBXBuildFile section */
		6BA2597A191CCCB000530CEF /* Foundation.framework in Frameworks */ = {isa = PBXBuildFile; fileRef = 6BA25979191CCCB000530CEF /* Foundation.framework */; };
		6BA2597C191CCCB000530CEF /* CoreGraphics.framework in Frameworks */ = {isa = PBXBuildFile; fileRef = 6BA2597B191CCCB000530CEF /* CoreGraphics.framework */; };
		6BA2597E191CCCB000530CEF /* UIKit.framework in Frameworks */ = {isa = PBXBuildFile; fileRef = 6BA2597D191CCCB000530CEF /* UIKit.framework */; };
		6BA25984191CCCB000530CEF /* InfoPlist.strings in Resources */ = {isa = PBXBuildFile; fileRef = 6BA25982191CCCB000530CEF /* InfoPlist.strings */; };
		6BA25986191CCCB000530CEF /* main.m in Sources */ = {isa = PBXBuildFile; fileRef = 6BA25985191CCCB000530CEF /* main.m */; };
		6BA2598A191CCCB000530CEF /* hmlAppDelegate.m in Sources */ = {isa = PBXBuildFile; fileRef = 6BA25989191CCCB000530CEF /* hmlAppDelegate.m */; };
		6BA2598D191CCCB000530CEF /* Main.storyboard in Resources */ = {isa = PBXBuildFile; fileRef = 6BA2598B191CCCB000530CEF /* Main.storyboard */; };
		6BA25990191CCCB000530CEF /* hmlViewController.m in Sources */ = {isa = PBXBuildFile; fileRef = 6BA2598F191CCCB000530CEF /* hmlViewController.m */; };
		6BA25992191CCCB000530CEF /* Images.xcassets in Resources */ = {isa = PBXBuildFile; fileRef = 6BA25991191CCCB000530CEF /* Images.xcassets */; };
		6BA25999191CCCB000530CEF /* XCTest.framework in Frameworks */ = {isa = PBXBuildFile; fileRef = 6BA25998191CCCB000530CEF /* XCTest.framework */; };
		6BA2599A191CCCB000530CEF /* Foundation.framework in Frameworks */ = {isa = PBXBuildFile; fileRef = 6BA25979191CCCB000530CEF /* Foundation.framework */; };
		6BA2599B191CCCB000530CEF /* UIKit.framework in Frameworks */ = {isa = PBXBuildFile; fileRef = 6BA2597D191CCCB000530CEF /* UIKit.framework */; };
		6BA259A3191CCCB100530CEF /* InfoPlist.strings in Resources */ = {isa = PBXBuildFile; fileRef = 6BA259A1191CCCB100530CEF /* InfoPlist.strings */; };
		6BA259A5191CCCB100530CEF /* The_MomentTests.m in Sources */ = {isa = PBXBuildFile; fileRef = 6BA259A4191CCCB100530CEF /* The_MomentTests.m */; };
/* End PBXBuildFile section */

/* Begin PBXContainerItemProxy section */
		6BA2599C191CCCB000530CEF /* PBXContainerItemProxy */ = {
			isa = PBXContainerItemProxy;
			containerPortal = 6BA2596E191CCCB000530CEF /* Project object */;
			proxyType = 1;
			remoteGlobalIDString = 6BA25975191CCCB000530CEF;
			remoteInfo = "The Moment";
		};
/* End PBXContainerItemProxy section */

/* Begin PBXFileReference section */
		6BA25976191CCCB000530CEF /* The Moment.app */ = {isa = PBXFileReference; explicitFileType = wrapper.application; includeInIndex = 0; path = "The Moment.app"; sourceTree = BUILT_PRODUCTS_DIR; };
		6BA25979191CCCB000530CEF /* Foundation.framework */ = {isa = PBXFileReference; lastKnownFileType = wrapper.framework; name = Foundation.framework; path = System/Library/Frameworks/Foundation.framework; sourceTree = SDKROOT; };
		6BA2597B191CCCB000530CEF /* CoreGraphics.framework */ = {isa = PBXFileReference; lastKnownFileType = wrapper.framework; name = CoreGraphics.framework; path = System/Library/Frameworks/CoreGraphics.framework; sourceTree = SDKROOT; };
		6BA2597D191CCCB000530CEF /* UIKit.framework */ = {isa = PBXFileReference; lastKnownFileType = wrapper.framework; name = UIKit.framework; path = System/Library/Frameworks/UIKit.framework; sourceTree = SDKROOT; };
		6BA25981191CCCB000530CEF /* The Moment-Info.plist */ = {isa = PBXFileReference; lastKnownFileType = text.plist.xml; path = "The Moment-Info.plist"; sourceTree = "<group>"; };
		6BA25983191CCCB000530CEF /* en */ = {isa = PBXFileReference; lastKnownFileType = text.plist.strings; name = en; path = en.lproj/InfoPlist.strings; sourceTree = "<group>"; };
		6BA25985191CCCB000530CEF /* main.m */ = {isa = PBXFileReference; lastKnownFileType = sourcecode.c.objc; path = main.m; sourceTree = "<group>"; };
		6BA25987191CCCB000530CEF /* The Moment-Prefix.pch */ = {isa = PBXFileReference; lastKnownFileType = sourcecode.c.h; path = "The Moment-Prefix.pch"; sourceTree = "<group>"; };
		6BA25988191CCCB000530CEF /* hmlAppDelegate.h */ = {isa = PBXFileReference; lastKnownFileType = sourcecode.c.h; path = hmlAppDelegate.h; sourceTree = "<group>"; };
		6BA25989191CCCB000530CEF /* hmlAppDelegate.m */ = {isa = PBXFileReference; lastKnownFileType = sourcecode.c.objc; path = hmlAppDelegate.m; sourceTree = "<group>"; };
		6BA2598C191CCCB000530CEF /* Base */ = {isa = PBXFileReference; lastKnownFileType = file.storyboard; name = Base; path = Base.lproj/Main.storyboard; sourceTree = "<group>"; };
		6BA2598E191CCCB000530CEF /* hmlViewController.h */ = {isa = PBXFileReference; lastKnownFileType = sourcecode.c.h; path = hmlViewController.h; sourceTree = "<group>"; };
		6BA2598F191CCCB000530CEF /* hmlViewController.m */ = {isa = PBXFileReference; lastKnownFileType = sourcecode.c.objc; path = hmlViewController.m; sourceTree = "<group>"; };
		6BA25991191CCCB000530CEF /* Images.xcassets */ = {isa = PBXFileReference; lastKnownFileType = folder.assetcatalog; path = Images.xcassets; sourceTree = "<group>"; };
		6BA25997191CCCB000530CEF /* The MomentTests.xctest */ = {isa = PBXFileReference; explicitFileType = wrapper.cfbundle; includeInIndex = 0; path = "The MomentTests.xctest"; sourceTree = BUILT_PRODUCTS_DIR; };
		6BA25998191CCCB000530CEF /* XCTest.framework */ = {isa = PBXFileReference; lastKnownFileType = wrapper.framework; name = XCTest.framework; path = Library/Frameworks/XCTest.framework; sourceTree = DEVELOPER_DIR; };
		6BA259A0191CCCB100530CEF /* The MomentTests-Info.plist */ = {isa = PBXFileReference; lastKnownFileType = text.plist.xml; path = "The MomentTests-Info.plist"; sourceTree = "<group>"; };
		6BA259A2191CCCB100530CEF /* en */ = {isa = PBXFileReference; lastKnownFileType = text.plist.strings; name = en; path = en.lproj/InfoPlist.strings; sourceTree = "<group>"; };
		6BA259A4191CCCB100530CEF /* The_MomentTests.m */ = {isa = PBXFileReference; lastKnownFileType = sourcecode.c.objc; path = The_MomentTests.m; sourceTree = "<group>"; };
/* End PBXFileReference section */

/* Begin PBXFrameworksBuildPhase section */
		6BA25973191CCCB000530CEF /* Frameworks */ = {
			isa = PBXFrameworksBuildPhase;
			buildActionMask = 2147483647;
			files = (
				6BA2597C191CCCB000530CEF /* CoreGraphics.framework in Frameworks */,
				6BA2597E191CCCB000530CEF /* UIKit.framework in Frameworks */,
				6BA2597A191CCCB000530CEF /* Foundation.framework in Frameworks */,
			);
			runOnlyForDeploymentPostprocessing = 0;
		};
		6BA25994191CCCB000530CEF /* Frameworks */ = {
			isa = PBXFrameworksBuildPhase;
			buildActionMask = 2147483647;
			files = (
				6BA25999191CCCB000530CEF /* XCTest.framework in Frameworks */,
				6BA2599B191CCCB000530CEF /* UIKit.framework in Frameworks */,
				6BA2599A191CCCB000530CEF /* Foundation.framework in Frameworks */,
			);
			runOnlyForDeploymentPostprocessing = 0;
		};
/* End PBXFrameworksBuildPhase section */

/* Begin PBXGroup section */
		6BA2596D191CCCB000530CEF = {
			isa = PBXGroup;
			children = (
				6BA2597F191CCCB000530CEF /* The Moment */,
				6BA2599E191CCCB000530CEF /* The MomentTests */,
				6BA25978191CCCB000530CEF /* Frameworks */,
				6BA25977191CCCB000530CEF /* Products */,
			);
			sourceTree = "<group>";
		};
		6BA25977191CCCB000530CEF /* Products */ = {
			isa = PBXGroup;
			children = (
				6BA25976191CCCB000530CEF /* The Moment.app */,
				6BA25997191CCCB000530CEF /* The MomentTests.xctest */,
			);
			name = Products;
			sourceTree = "<group>";
		};
		6BA25978191CCCB000530CEF /* Frameworks */ = {
			isa = PBXGroup;
			children = (
				6BA25979191CCCB000530CEF /* Foundation.framework */,
				6BA2597B191CCCB000530CEF /* CoreGraphics.framework */,
				6BA2597D191CCCB000530CEF /* UIKit.framework */,
				6BA25998191CCCB000530CEF /* XCTest.framework */,
			);
			name = Frameworks;
			sourceTree = "<group>";
		};
		6BA2597F191CCCB000530CEF /* The Moment */ = {
			isa = PBXGroup;
			children = (
				6BA25988191CCCB000530CEF /* hmlAppDelegate.h */,
				6BA25989191CCCB000530CEF /* hmlAppDelegate.m */,
				6BA2598B191CCCB000530CEF /* Main.storyboard */,
				6BA2598E191CCCB000530CEF /* hmlViewController.h */,
				6BA2598F191CCCB000530CEF /* hmlViewController.m */,
				6BA25991191CCCB000530CEF /* Images.xcassets */,
				6BA25980191CCCB000530CEF /* Supporting Files */,
			);
			path = "The Moment";
			sourceTree = "<group>";
		};
		6BA25980191CCCB000530CEF /* Supporting Files */ = {
			isa = PBXGroup;
			children = (
				6BA25981191CCCB000530CEF /* The Moment-Info.plist */,
				6BA25982191CCCB000530CEF /* InfoPlist.strings */,
				6BA25985191CCCB000530CEF /* main.m */,
				6BA25987191CCCB000530CEF /* The Moment-Prefix.pch */,
			);
			name = "Supporting Files";
			sourceTree = "<group>";
		};
		6BA2599E191CCCB000530CEF /* The MomentTests */ = {
			isa = PBXGroup;
			children = (
				6BA259A4191CCCB100530CEF /* The_MomentTests.m */,
				6BA2599F191CCCB100530CEF /* Supporting Files */,
			);
			path = "The MomentTests";
			sourceTree = "<group>";
		};
		6BA2599F191CCCB100530CEF /* Supporting Files */ = {
			isa = PBXGroup;
			children = (
				6BA259A0191CCCB100530CEF /* The MomentTests-Info.plist */,
				6BA259A1191CCCB100530CEF /* InfoPlist.strings */,
			);
			name = "Supporting Files";
			sourceTree = "<group>";
		};
/* End PBXGroup section */

/* Begin PBXNativeTarget section */
		6BA25975191CCCB000530CEF /* The Moment */ = {
			isa = PBXNativeTarget;
			buildConfigurationList = 6BA259A8191CCCB100530CEF /* Build configuration list for PBXNativeTarget "The Moment" */;
			buildPhases = (
				6BA25972191CCCB000530CEF /* Sources */,
				6BA25973191CCCB000530CEF /* Frameworks */,
				6BA25974191CCCB000530CEF /* Resources */,
			);
			buildRules = (
			);
			dependencies = (
			);
			name = "The Moment";
			productName = "The Moment";
			productReference = 6BA25976191CCCB000530CEF /* The Moment.app */;
			productType = "com.apple.product-type.application";
		};
		6BA25996191CCCB000530CEF /* The MomentTests */ = {
			isa = PBXNativeTarget;
			buildConfigurationList = 6BA259AB191CCCB100530CEF /* Build configuration list for PBXNativeTarget "The MomentTests" */;
			buildPhases = (
				6BA25993191CCCB000530CEF /* Sources */,
				6BA25994191CCCB000530CEF /* Frameworks */,
				6BA25995191CCCB000530CEF /* Resources */,
			);
			buildRules = (
			);
			dependencies = (
				6BA2599D191CCCB000530CEF /* PBXTargetDependency */,
			);
			name = "The MomentTests";
			productName = "The MomentTests";
			productReference = 6BA25997191CCCB000530CEF /* The MomentTests.xctest */;
			productType = "com.apple.product-type.bundle.unit-test";
		};
/* End PBXNativeTarget section */

/* Begin PBXProject section */
		6BA2596E191CCCB000530CEF /* Project object */ = {
			isa = PBXProject;
			attributes = {
				CLASSPREFIX = hml;
				LastUpgradeCheck = 0510;
				ORGANIZATIONNAME = ABFinformatika;
				TargetAttributes = {
					6BA25996191CCCB000530CEF = {
						TestTargetID = 6BA25975191CCCB000530CEF;
					};
				};
			};
			buildConfigurationList = 6BA25971191CCCB000530CEF /* Build configuration list for PBXProject "The Moment" */;
			compatibilityVersion = "Xcode 3.2";
			developmentRegion = English;
			hasScannedForEncodings = 0;
			knownRegions = (
				en,
				Base,
			);
			mainGroup = 6BA2596D191CCCB000530CEF;
			productRefGroup = 6BA25977191CCCB000530CEF /* Products */;
			projectDirPath = "";
			projectRoot = "";
			targets = (
				6BA25975191CCCB000530CEF /* The Moment */,
				6BA25996191CCCB000530CEF /* The MomentTests */,
			);
		};
/* End PBXProject section */

/* Begin PBXResourcesBuildPhase section */
		6BA25974191CCCB000530CEF /* Resources */ = {
			isa = PBXResourcesBuildPhase;
			buildActionMask = 2147483647;
			files = (
				6BA25992191CCCB000530CEF /* Images.xcassets in Resources */,
				6BA25984191CCCB000530CEF /* InfoPlist.strings in Resources */,
				6BA2598D191CCCB000530CEF /* Main.storyboard in Resources */,
			);
			runOnlyForDeploymentPostprocessing = 0;
		};
		6BA25995191CCCB000530CEF /* Resources */ = {
			isa = PBXResourcesBuildPhase;
			buildActionMask = 2147483647;
			files = (
				6BA259A3191CCCB100530CEF /* InfoPlist.strings in Resources */,
			);
			runOnlyForDeploymentPostprocessing = 0;
		};
/* End PBXResourcesBuildPhase section */

/* Begin PBXSourcesBuildPhase section */
		6BA25972191CCCB000530CEF /* Sources */ = {
			isa = PBXSourcesBuildPhase;
			buildActionMask = 2147483647;
			files = (
				6BA25990191CCCB000530CEF /* hmlViewController.m in Sources */,
				6BA2598A191CCCB000530CEF /* hmlAppDelegate.m in Sources */,
				6BA25986191CCCB000530CEF /* main.m in Sources */,
			);
			runOnlyForDeploymentPostprocessing = 0;
		};
		6BA25993191CCCB000530CEF /* Sources */ = {
			isa = PBXSourcesBuildPhase;
			buildActionMask = 2147483647;
			files = (
				6BA259A5191CCCB100530CEF /* The_MomentTests.m in Sources */,
			);
			runOnlyForDeploymentPostprocessing = 0;
		};
/* End PBXSourcesBuildPhase section */

/* Begin PBXTargetDependency section */
		6BA2599D191CCCB000530CEF /* PBXTargetDependency */ = {
			isa = PBXTargetDependency;
			target = 6BA25975191CCCB000530CEF /* The Moment */;
			targetProxy = 6BA2599C191CCCB000530CEF /* PBXContainerItemProxy */;
		};
/* End PBXTargetDependency section */

/* Begin PBXVariantGroup section */
		6BA25982191CCCB000530CEF /* InfoPlist.strings */ = {
			isa = PBXVariantGroup;
			children = (
				6BA25983191CCCB000530CEF /* en */,
			);
			name = InfoPlist.strings;
			sourceTree = "<group>";
		};
		6BA2598B191CCCB000530CEF /* Main.storyboard */ = {
			isa = PBXVariantGroup;
			children = (
				6BA2598C191CCCB000530CEF /* Base */,
			);
			name = Main.storyboard;
			sourceTree = "<group>";
		};
		6BA259A1191CCCB100530CEF /* InfoPlist.strings */ = {
			isa = PBXVariantGroup;
			children = (
				6BA259A2191CCCB100530CEF /* en */,
			);
			name = InfoPlist.strings;
			sourceTree = "<group>";
		};
/* End PBXVariantGroup section */

/* Begin XCBuildConfiguration section */
		6BA259A6191CCCB100530CEF /* Debug */ = {
			isa = XCBuildConfiguration;
			buildSettings = {
				ALWAYS_SEARCH_USER_PATHS = NO;
				CLANG_CXX_LANGUAGE_STANDARD = "gnu++0x";
				CLANG_CXX_LIBRARY = "libc++";
				CLANG_ENABLE_MODULES = YES;
				CLANG_ENABLE_OBJC_ARC = YES;
				CLANG_WARN_BOOL_CONVERSION = YES;
				CLANG_WARN_CONSTANT_CONVERSION = YES;
				CLANG_WARN_DIRECT_OBJC_ISA_USAGE = YES_ERROR;
				CLANG_WARN_EMPTY_BODY = YES;
				CLANG_WARN_ENUM_CONVERSION = YES;
				CLANG_WARN_INT_CONVERSION = YES;
				CLANG_WARN_OBJC_ROOT_CLASS = YES_ERROR;
				CLANG_WARN__DUPLICATE_METHOD_MATCH = YES;
				"CODE_SIGN_IDENTITY[sdk=iphoneos*]" = "iPhone Developer";
				COPY_PHASE_STRIP = NO;
				GCC_C_LANGUAGE_STANDARD = gnu99;
				GCC_DYNAMIC_NO_PIC = NO;
				GCC_OPTIMIZATION_LEVEL = 0;
				GCC_PREPROCESSOR_DEFINITIONS = (
					"DEBUG=1",
					"$(inherited)",
				);
				GCC_SYMBOLS_PRIVATE_EXTERN = NO;
				GCC_WARN_64_TO_32_BIT_CONVERSION = YES;
				GCC_WARN_ABOUT_RETURN_TYPE = YES_ERROR;
				GCC_WARN_UNDECLARED_SELECTOR = YES;
				GCC_WARN_UNINITIALIZED_AUTOS = YES_AGGRESSIVE;
				GCC_WARN_UNUSED_FUNCTION = YES;
				GCC_WARN_UNUSED_VARIABLE = YES;
				IPHONEOS_DEPLOYMENT_TARGET = 7.1;
				ONLY_ACTIVE_ARCH = YES;
				SDKROOT = iphoneos;
			};
			name = Debug;
		};
		6BA259A7191CCCB100530CEF /* Release */ = {
			isa = XCBuildConfiguration;
			buildSettings = {
				ALWAYS_SEARCH_USER_PATHS = NO;
				CLANG_CXX_LANGUAGE_STANDARD = "gnu++0x";
				CLANG_CXX_LIBRARY = "libc++";
				CLANG_ENABLE_MODULES = YES;
				CLANG_ENABLE_OBJC_ARC = YES;
				CLANG_WARN_BOOL_CONVERSION = YES;
				CLANG_WARN_CONSTANT_CONVERSION = YES;
				CLANG_WARN_DIRECT_OBJC_ISA_USAGE = YES_ERROR;
				CLANG_WARN_EMPTY_BODY = YES;
				CLANG_WARN_ENUM_CONVERSION = YES;
				CLANG_WARN_INT_CONVERSION = YES;
				CLANG_WARN_OBJC_ROOT_CLASS = YES_ERROR;
				CLANG_WARN__DUPLICATE_METHOD_MATCH = YES;
				"CODE_SIGN_IDENTITY[sdk=iphoneos*]" = "iPhone Developer";
				COPY_PHASE_STRIP = YES;
				ENABLE_NS_ASSERTIONS = NO;
				GCC_C_LANGUAGE_STANDARD = gnu99;
				GCC_WARN_64_TO_32_BIT_CONVERSION = YES;
				GCC_WARN_ABOUT_RETURN_TYPE = YES_ERROR;
				GCC_WARN_UNDECLARED_SELECTOR = YES;
				GCC_WARN_UNINITIALIZED_AUTOS = YES_AGGRESSIVE;
				GCC_WARN_UNUSED_FUNCTION = YES;
				GCC_WARN_UNUSED_VARIABLE = YES;
				IPHONEOS_DEPLOYMENT_TARGET = 7.1;
				SDKROOT = iphoneos;
				VALIDATE_PRODUCT = YES;
			};
			name = Release;
		};
		6BA259A9191CCCB100530CEF /* Debug */ = {
			isa = XCBuildConfiguration;
			buildSettings = {
				ASSETCATALOG_COMPILER_APPICON_NAME = AppIcon;
				ASSETCATALOG_COMPILER_LAUNCHIMAGE_NAME = LaunchImage;
				GCC_PRECOMPILE_PREFIX_HEADER = YES;
				GCC_PREFIX_HEADER = "The Moment/The Moment-Prefix.pch";
				INFOPLIST_FILE = "The Moment/The Moment-Info.plist";
				PRODUCT_NAME = "$(TARGET_NAME)";
				WRAPPER_EXTENSION = app;
			};
			name = Debug;
		};
		6BA259AA191CCCB100530CEF /* Release */ = {
			isa = XCBuildConfiguration;
			buildSettings = {
				ASSETCATALOG_COMPILER_APPICON_NAME = AppIcon;
				ASSETCATALOG_COMPILER_LAUNCHIMAGE_NAME = LaunchImage;
				GCC_PRECOMPILE_PREFIX_HEADER = YES;
				GCC_PREFIX_HEADER = "The Moment/The Moment-Prefix.pch";
				INFOPLIST_FILE = "The Moment/The Moment-Info.plist";
				PRODUCT_NAME = "$(TARGET_NAME)";
				WRAPPER_EXTENSION = app;
			};
			name = Release;
		};
		6BA259AC191CCCB100530CEF /* Debug */ = {
			isa = XCBuildConfiguration;
			buildSettings = {
				BUNDLE_LOADER = "$(BUILT_PRODUCTS_DIR)/The Moment.app/The Moment";
				FRAMEWORK_SEARCH_PATHS = (
					"$(SDKROOT)/Developer/Library/Frameworks",
					"$(inherited)",
					"$(DEVELOPER_FRAMEWORKS_DIR)",
				);
				GCC_PRECOMPILE_PREFIX_HEADER = YES;
				GCC_PREFIX_HEADER = "The Moment/The Moment-Prefix.pch";
				GCC_PREPROCESSOR_DEFINITIONS = (
					"DEBUG=1",
					"$(inherited)",
				);
				INFOPLIST_FILE = "The MomentTests/The MomentTests-Info.plist";
				PRODUCT_NAME = "$(TARGET_NAME)";
				TEST_HOST = "$(BUNDLE_LOADER)";
				WRAPPER_EXTENSION = xctest;
			};
			name = Debug;
		};
		6BA259AD191CCCB100530CEF /* Release */ = {
			isa = XCBuildConfiguration;
			buildSettings = {
				BUNDLE_LOADER = "$(BUILT_PRODUCTS_DIR)/The Moment.app/The Moment";
				FRAMEWORK_SEARCH_PATHS = (
					"$(SDKROOT)/Developer/Library/Frameworks",
					"$(inherited)",
					"$(DEVELOPER_FRAMEWORKS_DIR)",
				);
				GCC_PRECOMPILE_PREFIX_HEADER = YES;
				GCC_PREFIX_HEADER = "The Moment/The Moment-Prefix.pch";
				INFOPLIST_FILE = "The MomentTests/The MomentTests-Info.plist";
				PRODUCT_NAME = "$(TARGET_NAME)";
				TEST_HOST = "$(BUNDLE_LOADER)";
				WRAPPER_EXTENSION = xctest;
			};
			name = Release;
		};
/* End XCBuildConfiguration section */

/* Begin XCConfigurationList section */
		6BA25971191CCCB000530CEF /* Build configuration list for PBXProject "The Moment" */ = {
			isa = XCConfigurationList;
			buildConfigurations = (
				6BA259A6191CCCB100530CEF /* Debug */,
				6BA259A7191CCCB100530CEF /* Release */,
			);
			defaultConfigurationIsVisible = 0;
			defaultConfigurationName = Release;
		};
		6BA259A8191CCCB100530CEF /* Build configuration list for PBXNativeTarget "The Moment" */ = {
			isa = XCConfigurationList;
			buildConfigurations = (
				6BA259A9191CCCB100530CEF /* Debug */,
				6BA259AA191CCCB100530CEF /* Release */,
			);
			defaultConfigurationIsVisible = 0;
		};
		6BA259AB191CCCB100530CEF /* Build configuration list for PBXNativeTarget "The MomentTests" */ = {
			isa = XCConfigurationList;
			buildConfigurations = (
				6BA259AC191CCCB100530CEF /* Debug */,
				6BA259AD191CCCB100530CEF /* Release */,
			);
			defaultConfigurationIsVisible = 0;
		};
/* End XCConfigurationList section */
	};
	rootObject = 6BA2596E191CCCB000530CEF /* Project object */;
}
